
Microsoft Visual Studio Solution File, Format Version 12.00
# Visual Studio 2017
Project("{FAE04EC0-301F-11D3-BF4B-00C04F79EFBC}") = "LudumDare41PlatformPuzzle", "LudumDare41PlatformPuzzle.csproj", "{B38525A2-4CE7-134E-F0D9-99CC7E27BE89}"
EndProject
Global
	GlobalSection(SolutionConfigurationPlatforms) = preSolution
		Debug|Any CPU = Debug|Any CPU
		Release|Any CPU = Release|Any CPU
	EndGlobalSection
	GlobalSection(ProjectConfigurationPlatforms) = postSolution
		{B38525A2-4CE7-134E-F0D9-99CC7E27BE89}.Debug|Any CPU.ActiveCfg = Debug|Any CPU
		{B38525A2-4CE7-134E-F0D9-99CC7E27BE89}.Debug|Any CPU.Build.0 = Debug|Any CPU
		{B38525A2-4CE7-134E-F0D9-99CC7E27BE89}.Release|Any CPU.ActiveCfg = Release|Any CPU
		{B38525A2-4CE7-134E-F0D9-99CC7E27BE89}.Release|Any CPU.Build.0 = Release|Any CPU
	EndGlobalSection
	GlobalSection(SolutionProperties) = preSolution
		HideSolutionNode = FALSE
	EndGlobalSection
EndGlobal
